{
  "name": "cart_react",
  "lockfileVersion": 2,
  "requires": true,
  "packages": {
    "": {
      "name": "cart_react",
      "dependencies": {
        "html-to-jsx": "^0.0.2"
      }
    },
    "node_modules/html-to-jsx": {
      "version": "0.0.2",
      "resolved": "https://registry.npmjs.org/html-to-jsx/-/html-to-jsx-0.0.2.tgz",
      "integrity": "sha512-7mW40QSf17tFV8j/toRyp6UMqc984zoNWqqfog0ISh5asvgjiHFEfmOXeQFaq/DTAnzbNRNi97EecTjvGsCucQ=="
    }
  },
  "dependencies": {
    "html-to-jsx": {
      "version": "0.0.2",
      "resolved": "https://registry.npmjs.org/html-to-jsx/-/html-to-jsx-0.0.2.tgz",
      "integrity": "sha512-7mW40QSf17tFV8j/toRyp6UMqc984zoNWqqfog0ISh5asvgjiHFEfmOXeQFaq/DTAnzbNRNi97EecTjvGsCucQ=="
    }
  }
}
